
Microsoft Visual Studio Solution File, Format Version 12.00
# Visual Studio 2015
Project("{FAE04EC0-301F-11D3-BF4B-00C04F79EFBC}") = "DoubleTime.CSharp", "DoubleTime.CSharp.csproj", "{86C6E978-544F-4995-6D71-FD2B36967CE5}"
EndProject
Project("{FAE04EC0-301F-11D3-BF4B-00C04F79EFBC}") = "DoubleTime.CSharp.Editor", "DoubleTime.CSharp.Editor.csproj", "{21696154-44B6-5630-C908-9F6E2A5D4A45}"
EndProject
Global
	GlobalSection(SolutionConfigurationPlatforms) = preSolution
		Debug|Any CPU = Debug|Any CPU
		Release|Any CPU = Release|Any CPU
	EndGlobalSection
	GlobalSection(ProjectConfigurationPlatforms) = postSolution
		{86C6E978-544F-4995-6D71-FD2B36967CE5}.Debug|Any CPU.ActiveCfg = Debug|Any CPU
		{86C6E978-544F-4995-6D71-FD2B36967CE5}.Debug|Any CPU.Build.0 = Debug|Any CPU
		{86C6E978-544F-4995-6D71-FD2B36967CE5}.Release|Any CPU.ActiveCfg = Release|Any CPU
		{86C6E978-544F-4995-6D71-FD2B36967CE5}.Release|Any CPU.Build.0 = Release|Any CPU
		{21696154-44B6-5630-C908-9F6E2A5D4A45}.Debug|Any CPU.ActiveCfg = Debug|Any CPU
		{21696154-44B6-5630-C908-9F6E2A5D4A45}.Debug|Any CPU.Build.0 = Debug|Any CPU
		{21696154-44B6-5630-C908-9F6E2A5D4A45}.Release|Any CPU.ActiveCfg = Release|Any CPU
		{21696154-44B6-5630-C908-9F6E2A5D4A45}.Release|Any CPU.Build.0 = Release|Any CPU
	EndGlobalSection
	GlobalSection(SolutionProperties) = preSolution
		HideSolutionNode = FALSE
	EndGlobalSection
EndGlobal
